
Microsoft Visual Studio Solution File, Format Version 12.00
# Visual Studio Version 16
VisualStudioVersion = 16.0.30503.244
MinimumVisualStudioVersion = 10.0.40219.1
Project("{FAE04EC0-301F-11D3-BF4B-00C04F79EFBC}") = "Lab01_extra_exercise2", "Lab01_extra_exercise2\Lab01_extra_exercise2.csproj", "{924734CF-B4E4-4AB5-B8A6-7FCC2CEFCAD1}"
EndProject
Global
	GlobalSection(SolutionConfigurationPlatforms) = preSolution
		Debug|Any CPU = Debug|Any CPU
		Release|Any CPU = Release|Any CPU
	EndGlobalSection
	GlobalSection(ProjectConfigurationPlatforms) = postSolution
		{924734CF-B4E4-4AB5-B8A6-7FCC2CEFCAD1}.Debug|Any CPU.ActiveCfg = Debug|Any CPU
		{924734CF-B4E4-4AB5-B8A6-7FCC2CEFCAD1}.Debug|Any CPU.Build.0 = Debug|Any CPU
		{924734CF-B4E4-4AB5-B8A6-7FCC2CEFCAD1}.Release|Any CPU.ActiveCfg = Release|Any CPU
		{924734CF-B4E4-4AB5-B8A6-7FCC2CEFCAD1}.Release|Any CPU.Build.0 = Release|Any CPU
	EndGlobalSection
	GlobalSection(SolutionProperties) = preSolution
		HideSolutionNode = FALSE
	EndGlobalSection
	GlobalSection(ExtensibilityGlobals) = postSolution
		SolutionGuid = {CD88E6C6-C6B1-4915-A957-0F5EC2AFC03C}
	EndGlobalSection
EndGlobal
