
Microsoft Visual Studio Solution File, Format Version 12.00
# Visual Studio Version 16
VisualStudioVersion = 16.0.30503.244
MinimumVisualStudioVersion = 10.0.40219.1
Project("{FAE04EC0-301F-11D3-BF4B-00C04F79EFBC}") = "Lab01_extra_exercise3", "Lab01_extra_exercise3\Lab01_extra_exercise3.csproj", "{BC1F5A1B-D967-44AE-8D7B-0D7270E7111D}"
EndProject
Global
	GlobalSection(SolutionConfigurationPlatforms) = preSolution
		Debug|Any CPU = Debug|Any CPU
		Release|Any CPU = Release|Any CPU
	EndGlobalSection
	GlobalSection(ProjectConfigurationPlatforms) = postSolution
		{BC1F5A1B-D967-44AE-8D7B-0D7270E7111D}.Debug|Any CPU.ActiveCfg = Debug|Any CPU
		{BC1F5A1B-D967-44AE-8D7B-0D7270E7111D}.Debug|Any CPU.Build.0 = Debug|Any CPU
		{BC1F5A1B-D967-44AE-8D7B-0D7270E7111D}.Release|Any CPU.ActiveCfg = Release|Any CPU
		{BC1F5A1B-D967-44AE-8D7B-0D7270E7111D}.Release|Any CPU.Build.0 = Release|Any CPU
	EndGlobalSection
	GlobalSection(SolutionProperties) = preSolution
		HideSolutionNode = FALSE
	EndGlobalSection
	GlobalSection(ExtensibilityGlobals) = postSolution
		SolutionGuid = {83A3A42D-5F08-45DC-B269-504EF55044D5}
	EndGlobalSection
EndGlobal
