
Microsoft Visual Studio Solution File, Format Version 12.00
# Visual Studio Version 16
VisualStudioVersion = 16.0.30503.244
MinimumVisualStudioVersion = 10.0.40219.1
Project("{9A19103F-16F7-4668-BE54-9A1E7A4F7556}") = "MyBookLibrary", "MyBookLibrary\MyBookLibrary.csproj", "{3DD03BFF-C5B5-4143-AAA1-930C2E2BD2F2}"
EndProject
Project("{FAE04EC0-301F-11D3-BF4B-00C04F79EFBC}") = "MyBookConsole", "MyBookConsole\MyBookConsole.csproj", "{43CB8B4F-94EC-400A-9AE2-C720F9A444B1}"
EndProject
Global
	GlobalSection(SolutionConfigurationPlatforms) = preSolution
		Debug|Any CPU = Debug|Any CPU
		Release|Any CPU = Release|Any CPU
	EndGlobalSection
	GlobalSection(ProjectConfigurationPlatforms) = postSolution
		{3DD03BFF-C5B5-4143-AAA1-930C2E2BD2F2}.Debug|Any CPU.ActiveCfg = Debug|Any CPU
		{3DD03BFF-C5B5-4143-AAA1-930C2E2BD2F2}.Debug|Any CPU.Build.0 = Debug|Any CPU
		{3DD03BFF-C5B5-4143-AAA1-930C2E2BD2F2}.Release|Any CPU.ActiveCfg = Release|Any CPU
		{3DD03BFF-C5B5-4143-AAA1-930C2E2BD2F2}.Release|Any CPU.Build.0 = Release|Any CPU
		{43CB8B4F-94EC-400A-9AE2-C720F9A444B1}.Debug|Any CPU.ActiveCfg = Debug|Any CPU
		{43CB8B4F-94EC-400A-9AE2-C720F9A444B1}.Debug|Any CPU.Build.0 = Debug|Any CPU
		{43CB8B4F-94EC-400A-9AE2-C720F9A444B1}.Release|Any CPU.ActiveCfg = Release|Any CPU
		{43CB8B4F-94EC-400A-9AE2-C720F9A444B1}.Release|Any CPU.Build.0 = Release|Any CPU
	EndGlobalSection
	GlobalSection(SolutionProperties) = preSolution
		HideSolutionNode = FALSE
	EndGlobalSection
	GlobalSection(ExtensibilityGlobals) = postSolution
		SolutionGuid = {34D61FEE-EFDE-483B-858C-2BD6F2CF6725}
	EndGlobalSection
EndGlobal
